
Microsoft Visual Studio Solution File, Format Version 12.00
# Visual Studio Version 17
VisualStudioVersion = 17.5.002.0
MinimumVisualStudioVersion = 10.0.40219.1
Project("{9A19103F-16F7-4668-BE54-9A1E7A4F7556}") = "ExercicioHorasExtras", "ExercicioHorasExtras.csproj", "{E32E4B6A-A95C-41CB-9160-84740FDC7AEA}"
EndProject
Global
	GlobalSection(SolutionConfigurationPlatforms) = preSolution
		Debug|Any CPU = Debug|Any CPU
		Release|Any CPU = Release|Any CPU
	EndGlobalSection
	GlobalSection(ProjectConfigurationPlatforms) = postSolution
		{E32E4B6A-A95C-41CB-9160-84740FDC7AEA}.Debug|Any CPU.ActiveCfg = Debug|Any CPU
		{E32E4B6A-A95C-41CB-9160-84740FDC7AEA}.Debug|Any CPU.Build.0 = Debug|Any CPU
		{E32E4B6A-A95C-41CB-9160-84740FDC7AEA}.Release|Any CPU.ActiveCfg = Release|Any CPU
		{E32E4B6A-A95C-41CB-9160-84740FDC7AEA}.Release|Any CPU.Build.0 = Release|Any CPU
	EndGlobalSection
	GlobalSection(SolutionProperties) = preSolution
		HideSolutionNode = FALSE
	EndGlobalSection
	GlobalSection(ExtensibilityGlobals) = postSolution
		SolutionGuid = {5045ED83-A75C-414B-8C34-0B1743283DC6}
	EndGlobalSection
EndGlobal
